
Microsoft Visual Studio Solution File, Format Version 12.00
# Visual Studio Version 17
VisualStudioVersion = 17.10.35004.147
MinimumVisualStudioVersion = 10.0.40219.1
Project("{9A19103F-16F7-4668-BE54-9A1E7A4F7556}") = "MathGame.Console", "MathGame.Console\MathGame.Console.csproj", "{392EF073-EED0-4394-A93B-444E273DDD05}"
EndProject
Project("{9A19103F-16F7-4668-BE54-9A1E7A4F7556}") = "MathGame.Maui", "MathGame.Maui\MathGame.Maui.csproj", "{5E09988D-F2B8-47E2-9FD2-CC060A4FF8E6}"
EndProject
Project("{FAE04EC0-301F-11D3-BF4B-00C04F79EFBC}") = "MathGame", "MathGame\MathGame.csproj", "{E7BD453B-70B5-4B1A-9102-C174E2608C3F}"
EndProject
Project("{FAE04EC0-301F-11D3-BF4B-00C04F79EFBC}") = "MathGame.Data", "MathGame.Data\MathGame.Data.csproj", "{7B7B1EB2-CFE9-48C7-A8EE-F60869C39744}"
EndProject
Global
	GlobalSection(SolutionConfigurationPlatforms) = preSolution
		Debug|Any CPU = Debug|Any CPU
		Release|Any CPU = Release|Any CPU
	EndGlobalSection
	GlobalSection(ProjectConfigurationPlatforms) = postSolution
		{392EF073-EED0-4394-A93B-444E273DDD05}.Debug|Any CPU.ActiveCfg = Debug|Any CPU
		{392EF073-EED0-4394-A93B-444E273DDD05}.Debug|Any CPU.Build.0 = Debug|Any CPU
		{392EF073-EED0-4394-A93B-444E273DDD05}.Release|Any CPU.ActiveCfg = Release|Any CPU
		{392EF073-EED0-4394-A93B-444E273DDD05}.Release|Any CPU.Build.0 = Release|Any CPU
		{5E09988D-F2B8-47E2-9FD2-CC060A4FF8E6}.Debug|Any CPU.ActiveCfg = Debug|Any CPU
		{5E09988D-F2B8-47E2-9FD2-CC060A4FF8E6}.Debug|Any CPU.Build.0 = Debug|Any CPU
		{5E09988D-F2B8-47E2-9FD2-CC060A4FF8E6}.Debug|Any CPU.Deploy.0 = Debug|Any CPU
		{5E09988D-F2B8-47E2-9FD2-CC060A4FF8E6}.Release|Any CPU.ActiveCfg = Release|Any CPU
		{5E09988D-F2B8-47E2-9FD2-CC060A4FF8E6}.Release|Any CPU.Build.0 = Release|Any CPU
		{5E09988D-F2B8-47E2-9FD2-CC060A4FF8E6}.Release|Any CPU.Deploy.0 = Release|Any CPU
		{E7BD453B-70B5-4B1A-9102-C174E2608C3F}.Debug|Any CPU.ActiveCfg = Debug|Any CPU
		{E7BD453B-70B5-4B1A-9102-C174E2608C3F}.Debug|Any CPU.Build.0 = Debug|Any CPU
		{E7BD453B-70B5-4B1A-9102-C174E2608C3F}.Release|Any CPU.ActiveCfg = Release|Any CPU
		{E7BD453B-70B5-4B1A-9102-C174E2608C3F}.Release|Any CPU.Build.0 = Release|Any CPU
		{7B7B1EB2-CFE9-48C7-A8EE-F60869C39744}.Debug|Any CPU.ActiveCfg = Debug|Any CPU
		{7B7B1EB2-CFE9-48C7-A8EE-F60869C39744}.Debug|Any CPU.Build.0 = Debug|Any CPU
		{7B7B1EB2-CFE9-48C7-A8EE-F60869C39744}.Release|Any CPU.ActiveCfg = Release|Any CPU
		{7B7B1EB2-CFE9-48C7-A8EE-F60869C39744}.Release|Any CPU.Build.0 = Release|Any CPU
	EndGlobalSection
	GlobalSection(SolutionProperties) = preSolution
		HideSolutionNode = FALSE
	EndGlobalSection
	GlobalSection(ExtensibilityGlobals) = postSolution
		SolutionGuid = {FAACDDE6-C076-480B-AC82-768C7BF2F831}
	EndGlobalSection
EndGlobal
